# THIS IS AN AUTOGENERATED FILE. DO NOT EDIT THIS FILE DIRECTLY.
# yarn lockfile v1


"@babel/parser@^7.16.4":
  version "7.21.4"
  resolved "https://registry.yarnpkg.com/@babel/parser/-/parser-7.21.4.tgz#94003fdfc520bbe2875d4ae557b43ddb6d880f17"
  integrity sha512-alVJj7k7zIxqBZ7BTRhz0IqJFxW1VJbm6N8JbcYhQ186df9ZBPbZBmWSqAMXwHGsCJdYks7z/voa3ibiS5bCIw==

"@cfcs/core@^0.0.6":
  version "0.0.6"
  resolved "https://registry.yarnpkg.com/@cfcs/core/-/core-0.0.6.tgz#9f8499dcd2ad29fd96d8fa72055411cd4a249121"
  integrity sha512-FxfJMwoLB8MEMConeXUCqtMGqxdtePQxRBOiGip9ULcYYam3WfCgoY6xdnMaSkYvRvmosp5iuG+TiPofm65+Pw==
  dependencies:
    "@egjs/component" "^3.0.2"

"@daybrush/utils@^1.0.0", "@daybrush/utils@^1.1.1", "@daybrush/utils@^1.11.0", "@daybrush/utils@^1.3.1", "@daybrush/utils@^1.4.0", "@daybrush/utils@^1.6.0", "@daybrush/utils@^1.7.1", "@daybrush/utils@^1.9.1":
  version "1.11.0"
  resolved "https://registry.yarnpkg.com/@daybrush/utils/-/utils-1.11.0.tgz#ad23a431fdb8f95ab4bb34fb6d080f2f7997a988"
  integrity sha512-/T0Oe7KkfUoCusFj1cJ6N+Tu+jFZXVkaKqDBcDY3P0goJfcfaT+4+oG8aHi4LDgBErNjP6uvC3IEOSMe2ka/yQ==

"@egjs/agent@^2.2.1":
  version "2.4.3"
  resolved "https://registry.yarnpkg.com/@egjs/agent/-/agent-2.4.3.tgz#6d44e2fb1ff7bab242c07f82732fe60305ac6f06"
  integrity sha512-XvksSENe8wPeFlEVouvrOhKdx8HMniJ3by7sro2uPF3M6QqWwjzVcmvwoPtdjiX8O1lfRoLhQMp1a7NGlVTdIA==

"@egjs/children-differ@^1.0.1":
  version "1.0.1"
  resolved "https://registry.yarnpkg.com/@egjs/children-differ/-/children-differ-1.0.1.tgz#5465fa80671d5ca3564ebe912f48b05b3e8a14fd"
  integrity sha512-DRvyqMf+CPCOzAopQKHtW+X8iN6Hy6SFol+/7zCUiE5y4P/OB8JP8FtU4NxtZwtafvSL4faD5KoQYPj3JHzPFQ==
  dependencies:
    "@egjs/list-differ" "^1.0.0"

"@egjs/component@^3.0.2":
  version "3.0.4"
  resolved "https://registry.yarnpkg.com/@egjs/component/-/component-3.0.4.tgz#ad7b53794b2a612806179a188ad828acb9525f61"
  integrity sha512-sXA7bGbIeLF2OAw/vpka66c6QBBUPcA4UUhR4WGJfnp2XWdiI8QrnJGJMr/UxpE/xnevX9tN3jvNPlW8WkHl3g==

"@egjs/list-differ@^1.0.0":
  version "1.0.1"
  resolved "https://registry.yarnpkg.com/@egjs/list-differ/-/list-differ-1.0.1.tgz#5772b0f8b87973bb67827f6c7d7df8d7f64a22eb"
  integrity sha512-OTFTDQcWS+1ZREOdCWuk5hCBgYO4OsD30lXcOCyVOAjXMhgL5rBRDnt/otb6Nz8CzU0L/igdcaQBDLWc4t9gvg==

"@esbuild/linux-loong64@0.14.54":
  version "0.14.54"
  resolved "https://registry.yarnpkg.com/@esbuild/linux-loong64/-/linux-loong64-0.14.54.tgz#de2a4be678bd4d0d1ffbb86e6de779cde5999028"
  integrity sha512-bZBrLAIX1kpWelV0XemxBZllyRmM6vgFQQG2GdNb+r3Fkp0FOh1NJSvekXDs7jq70k4euu1cryLMfU+mTXlEpw==

"@scena/dragscroll@^1.3.0", "@scena/dragscroll@^1.4.0":
  version "1.4.0"
  resolved "https://registry.yarnpkg.com/@scena/dragscroll/-/dragscroll-1.4.0.tgz#220b2430c16119cd3e70044ee533a5b9a43cffd7"
  integrity sha512-3O8daaZD9VXA9CP3dra6xcgt/qrm0mg0xJCwiX6druCteQ9FFsXffkF8PrqxY4Z4VJ58fFKEa0RlKqbsi/XnRA==
  dependencies:
    "@daybrush/utils" "^1.6.0"
    "@scena/event-emitter" "^1.0.2"

"@scena/event-emitter@^1.0.2", "@scena/event-emitter@^1.0.4", "@scena/event-emitter@^1.0.5":
  version "1.0.5"
  resolved "https://registry.yarnpkg.com/@scena/event-emitter/-/event-emitter-1.0.5.tgz#047e3acef93cf238d7ce3a8cc5a12ec6bd9c3bb1"
  integrity sha512-AzY4OTb0+7ynefmWFQ6hxDdk0CySAq/D4efljfhtRHCOP7MBF9zUfhKG3TJiroVjASqVgkRJFdenS8ArZo6Olg==
  dependencies:
    "@daybrush/utils" "^1.1.1"

"@scena/guides@~0.26.0":
  version "0.26.0"
  resolved "https://registry.yarnpkg.com/@scena/guides/-/guides-0.26.0.tgz#36ba812c411e7e260a2a41ef67077682244351b2"
  integrity sha512-IBkK0xJMujqWqUsbl3SQ8ZX4i4gv5acfzX6g7BG1wAs9TEt58x6Y138HK7AH3vHWDQEg1c25z4OCI57F9mj+FA==
  dependencies:
    "@scena/event-emitter" "^1.0.4"
    croact "^1.0.0"
    croact-guides "~0.23.0"

"@scena/matrix@^1.0.0", "@scena/matrix@^1.1.1":
  version "1.1.1"
  resolved "https://registry.yarnpkg.com/@scena/matrix/-/matrix-1.1.1.tgz#5297f71825c72e2c2c8f802f924f482ed200c43c"
  integrity sha512-JVKBhN0tm2Srl+Yt+Ywqu0oLgLcdemDQlD1OxmN9jaCTwaFPZ7tY8n6dhVgMEaR9qcR7r+kAlMXnSfNyYdE+Vg==
  dependencies:
    "@daybrush/utils" "^1.4.0"

"@scena/react-guides@~0.25.0":
  version "0.25.0"
  resolved "https://registry.yarnpkg.com/@scena/react-guides/-/react-guides-0.25.0.tgz#7a7c470e5d43e2e9a672adc4de921c09c590a370"
  integrity sha512-7eFgJ5ZL6cfcwjWf3SKBvKqqZPyUn9Qz+lCXkPEKBG5IqBHpORdgw9WmBiccE9o3uoPU13Rsg1zW4FvnpCoJjg==
  dependencies:
    "@daybrush/utils" "^1.4.0"
    "@scena/dragscroll" "^1.3.0"
    "@scena/react-ruler" "^0.17.1"
    css-to-mat "^1.0.3"
    framework-utils "^1.1.0"
    gesto "^1.13.4"
    react-css-styled "^1.1.2"

"@scena/react-ruler@^0.17.1", "@scena/react-ruler@~0.17.1":
  version "0.17.1"
  resolved "https://registry.yarnpkg.com/@scena/react-ruler/-/react-ruler-0.17.1.tgz#ced7bb1d925ade80456d131fc0b88856dda70524"
  integrity sha512-ZgLSlNByevYMH2G7QzId49eojyfqd0zUNASIRIJm89X8ub1ipaMqaTPsSXS+yJspgiYFeVSjL8KCC/Yc1SMzLg==
  dependencies:
    "@daybrush/utils" "^1.11.0"
    framework-utils "^1.1.0"

"@types/css@^0.0.33":
  version "0.0.33"
  resolved "https://registry.yarnpkg.com/@types/css/-/css-0.0.33.tgz#d0b49c4090c09c8e5dc01364560627e5ebb770f2"
  integrity sha512-qjeDgh86R0LIeEM588q65yatc8Yyo/VvSIYFqq8JOIHDolhGNX0rz7k/OuxqDpnpqlefoHj8X4Ai/6hT9IWtKQ==

"@types/web-bluetooth@^0.0.16":
  version "0.0.16"
  resolved "https://registry.yarnpkg.com/@types/web-bluetooth/-/web-bluetooth-0.0.16.tgz#1d12873a8e49567371f2a75fe3e7f7edca6662d8"
  integrity sha512-oh8q2Zc32S6gd/j50GowEjKLoOVOwHP/bWVjKJInBwQqdOYMdPrf1oVlelTlyfFK3CKxL1uahMDAr+vy8T7yMQ==

"@vitejs/plugin-vue@^1.10.0":
  version "1.10.2"
  resolved "https://registry.yarnpkg.com/@vitejs/plugin-vue/-/plugin-vue-1.10.2.tgz#d718479e2789d8a94b63e00f23f1898ba239253a"
  integrity sha512-/QJ0Z9qfhAFtKRY+r57ziY4BSbGUTGsPRMpB/Ron3QPwBZM4OZAZHdTa4a8PafCwU5DTatXG8TMDoP8z+oDqJw==

"@vue/compiler-core@3.2.47":
  version "3.2.47"
  resolved "https://registry.yarnpkg.com/@vue/compiler-core/-/compiler-core-3.2.47.tgz#3e07c684d74897ac9aa5922c520741f3029267f8"
  integrity sha512-p4D7FDnQb7+YJmO2iPEv0SQNeNzcbHdGByJDsT4lynf63AFkOTFN07HsiRSvjGo0QrxR/o3d0hUyNCUnBU2Tig==
  dependencies:
    "@babel/parser" "^7.16.4"
    "@vue/shared" "3.2.47"
    estree-walker "^2.0.2"
    source-map "^0.6.1"

"@vue/compiler-dom@3.2.47":
  version "3.2.47"
  resolved "https://registry.yarnpkg.com/@vue/compiler-dom/-/compiler-dom-3.2.47.tgz#a0b06caf7ef7056939e563dcaa9cbde30794f305"
  integrity sha512-dBBnEHEPoftUiS03a4ggEig74J2YBZ2UIeyfpcRM2tavgMWo4bsEfgCGsu+uJIL/vax9S+JztH8NmQerUo7shQ==
  dependencies:
    "@vue/compiler-core" "3.2.47"
    "@vue/shared" "3.2.47"

"@vue/compiler-sfc@3.2.47":
  version "3.2.47"
  resolved "https://registry.yarnpkg.com/@vue/compiler-sfc/-/compiler-sfc-3.2.47.tgz#1bdc36f6cdc1643f72e2c397eb1a398f5004ad3d"
  integrity sha512-rog05W+2IFfxjMcFw10tM9+f7i/+FFpZJJ5XHX72NP9eC2uRD+42M3pYcQqDXVYoj74kHMSEdQ/WmCjt8JFksQ==
  dependencies:
    "@babel/parser" "^7.16.4"
    "@vue/compiler-core" "3.2.47"
    "@vue/compiler-dom" "3.2.47"
    "@vue/compiler-ssr" "3.2.47"
    "@vue/reactivity-transform" "3.2.47"
    "@vue/shared" "3.2.47"
    estree-walker "^2.0.2"
    magic-string "^0.25.7"
    postcss "^8.1.10"
    source-map "^0.6.1"

"@vue/compiler-ssr@3.2.47":
  version "3.2.47"
  resolved "https://registry.yarnpkg.com/@vue/compiler-ssr/-/compiler-ssr-3.2.47.tgz#35872c01a273aac4d6070ab9d8da918ab13057ee"
  integrity sha512-wVXC+gszhulcMD8wpxMsqSOpvDZ6xKXSVWkf50Guf/S+28hTAXPDYRTbLQ3EDkOP5Xz/+SY37YiwDquKbJOgZw==
  dependencies:
    "@vue/compiler-dom" "3.2.47"
    "@vue/shared" "3.2.47"

"@vue/reactivity-transform@3.2.47":
  version "3.2.47"
  resolved "https://registry.yarnpkg.com/@vue/reactivity-transform/-/reactivity-transform-3.2.47.tgz#e45df4d06370f8abf29081a16afd25cffba6d84e"
  integrity sha512-m8lGXw8rdnPVVIdIFhf0LeQ/ixyHkH5plYuS83yop5n7ggVJU+z5v0zecwEnX7fa7HNLBhh2qngJJkxpwEEmYA==
  dependencies:
    "@babel/parser" "^7.16.4"
    "@vue/compiler-core" "3.2.47"
    "@vue/shared" "3.2.47"
    estree-walker "^2.0.2"
    magic-string "^0.25.7"

"@vue/reactivity@3.2.47":
  version "3.2.47"
  resolved "https://registry.yarnpkg.com/@vue/reactivity/-/reactivity-3.2.47.tgz#1d6399074eadfc3ed35c727e2fd707d6881140b6"
  integrity sha512-7khqQ/75oyyg+N/e+iwV6lpy1f5wq759NdlS1fpAhFXa8VeAIKGgk2E/C4VF59lx5b+Ezs5fpp/5WsRYXQiKxQ==
  dependencies:
    "@vue/shared" "3.2.47"

"@vue/runtime-core@3.2.47":
  version "3.2.47"
  resolved "https://registry.yarnpkg.com/@vue/runtime-core/-/runtime-core-3.2.47.tgz#406ebade3d5551c00fc6409bbc1eeb10f32e121d"
  integrity sha512-RZxbLQIRB/K0ev0K9FXhNbBzT32H9iRtYbaXb0ZIz2usLms/D55dJR2t6cIEUn6vyhS3ALNvNthI+Q95C+NOpA==
  dependencies:
    "@vue/reactivity" "3.2.47"
    "@vue/shared" "3.2.47"

"@vue/runtime-dom@3.2.47":
  version "3.2.47"
  resolved "https://registry.yarnpkg.com/@vue/runtime-dom/-/runtime-dom-3.2.47.tgz#93e760eeaeab84dedfb7c3eaf3ed58d776299382"
  integrity sha512-ArXrFTjS6TsDei4qwNvgrdmHtD930KgSKGhS5M+j8QxXrDJYLqYw4RRcDy1bz1m1wMmb6j+zGLifdVHtkXA7gA==
  dependencies:
    "@vue/runtime-core" "3.2.47"
    "@vue/shared" "3.2.47"
    csstype "^2.6.8"

"@vue/server-renderer@3.2.47":
  version "3.2.47"
  resolved "https://registry.yarnpkg.com/@vue/server-renderer/-/server-renderer-3.2.47.tgz#8aa1d1871fc4eb5a7851aa7f741f8f700e6de3c0"
  integrity sha512-dN9gc1i8EvmP9RCzvneONXsKfBRgqFeFZLurmHOveL7oH6HiFXJw5OGu294n1nHc/HMgTy6LulU/tv5/A7f/LA==
  dependencies:
    "@vue/compiler-ssr" "3.2.47"
    "@vue/shared" "3.2.47"

"@vue/shared@3.2.47":
  version "3.2.47"
  resolved "https://registry.yarnpkg.com/@vue/shared/-/shared-3.2.47.tgz#e597ef75086c6e896ff5478a6bfc0a7aa4bbd14c"
  integrity sha512-BHGyyGN3Q97EZx0taMQ+OLNuZcW3d37ZEVmEAyeoA9ERdGvm9Irc/0Fua8SNyOtV1w6BS4q25wbMzJujO9HIfQ==

"@vueuse/core@^9.13.0":
  version "9.13.0"
  resolved "https://registry.yarnpkg.com/@vueuse/core/-/core-9.13.0.tgz#2f69e66d1905c1e4eebc249a01759cf88ea00cf4"
  integrity sha512-pujnclbeHWxxPRqXWmdkKV5OX4Wk4YeK7wusHqRwU0Q7EFusHoqNA/aPhB6KCh9hEqJkLAJo7bb0Lh9b+OIVzw==
  dependencies:
    "@types/web-bluetooth" "^0.0.16"
    "@vueuse/metadata" "9.13.0"
    "@vueuse/shared" "9.13.0"
    vue-demi "*"

"@vueuse/metadata@9.13.0":
  version "9.13.0"
  resolved "https://registry.yarnpkg.com/@vueuse/metadata/-/metadata-9.13.0.tgz#bc25a6cdad1b1a93c36ce30191124da6520539ff"
  integrity sha512-gdU7TKNAUVlXXLbaF+ZCfte8BjRJQWPCa2J55+7/h+yDtzw3vOoGQDRXzI6pyKyo6bXFT5/QoPE4hAknExjRLQ==

"@vueuse/shared@9.13.0":
  version "9.13.0"
  resolved "https://registry.yarnpkg.com/@vueuse/shared/-/shared-9.13.0.tgz#089ff4cc4e2e7a4015e57a8f32e4b39d096353b9"
  integrity sha512-UrnhU+Cnufu4S6JLCPZnkWh0WwZGUp72ktOF2DFptMlOs3TOdVv8xJN53zhHGARmVOsz5KqOls09+J1NR6sBKw==
  dependencies:
    vue-demi "*"

atob@^2.1.2:
  version "2.1.2"
  resolved "https://registry.yarnpkg.com/atob/-/atob-2.1.2.tgz#6d9517eb9e030d2436666651e86bd9f6f13533c9"
  integrity sha512-Wm6ukoaOGJi/73p/cl2GvLjTI5JM1k/O14isD73YML8StrH/7/lRFgmg8nICZgD3bZZvjwCGxtMOD3wWNAu8cg==

croact-css-styled@^1.1.2:
  version "1.1.2"
  resolved "https://registry.yarnpkg.com/croact-css-styled/-/croact-css-styled-1.1.2.tgz#258bf20424d668eeb6c57d904742d801044fd96a"
  integrity sha512-v1RBvTyltY3B1kYDiT1lvG+rbk1ziqAsPNH5VGD8JItTt359KeLV1xdYlaRrdXq7oYjPw4rUG9ZBG+4XzzW9qQ==
  dependencies:
    "@daybrush/utils" "^1.0.0"
    css-styled "~1.0.1"
    framework-utils "^1.1.0"

croact-guides@~0.23.0:
  version "0.23.0"
  resolved "https://registry.yarnpkg.com/croact-guides/-/croact-guides-0.23.0.tgz#704b19d2d2fd0ac51ec18a3f5d0016706bd9e093"
  integrity sha512-a+2Kjw6YwZ2LA5KXrjxi74hHDNITEhv0Z1Y3UiOZd3D418ZR2S9p5sWPxqmo77c89PhYWT4E0hzoNhzYnqZmqw==
  dependencies:
    "@daybrush/utils" "^1.4.0"
    "@scena/dragscroll" "^1.3.0"
    "@scena/react-guides" "~0.25.0"
    croact-css-styled "^1.1.2"
    croact-ruler "^0.16.1"
    css-to-mat "^1.0.3"
    framework-utils "^1.1.0"
    gesto "^1.13.4"
    react-css-styled "^1.1.2"

croact-moveable@~0.3.1:
  version "0.3.1"
  resolved "https://registry.yarnpkg.com/croact-moveable/-/croact-moveable-0.3.1.tgz#497ffd2479762064f4e51b678f9376a3da2db7de"
  integrity sha512-dL0CekBIY3POPv6Tz1uTO48aBffKVOxqPysby1+8KRUGl2ZC5dtuZY6h0X44Wu/e8GMRLccT6qcc60aV10NNUg==
  dependencies:
    "@daybrush/utils" "^1.11.0"
    "@egjs/agent" "^2.2.1"
    "@egjs/children-differ" "^1.0.1"
    "@egjs/list-differ" "^1.0.0"
    "@scena/dragscroll" "^1.4.0"
    "@scena/event-emitter" "^1.0.5"
    "@scena/matrix" "^1.1.1"
    croact-css-styled "^1.1.2"
    css-to-mat "^1.0.3"
    framework-utils "^1.1.0"
    gesto "^1.17.0"
    overlap-area "^1.1.0"
    react-css-styled "^1.1.2"
    react-moveable "~0.50.1"

croact-ruler@^0.16.1:
  version "0.16.1"
  resolved "https://registry.yarnpkg.com/croact-ruler/-/croact-ruler-0.16.1.tgz#665087211e6535a018cd0c9bc7004062a7c10007"
  integrity sha512-uj+60mlEMh+OWa5L9KjTyQgQOGI07TWyWbL9+kMrgIc74EJuV9AnwVXGII7b8JvHHxU6BzVFxXY7rj15EydOCQ==
  dependencies:
    "@scena/react-ruler" "~0.17.1"

croact@^1.0.0:
  version "1.0.0"
  resolved "https://registry.yarnpkg.com/croact/-/croact-1.0.0.tgz#fb0fe8281b736acba4ca78e2545eff0e314fb414"
  integrity sha512-VpPknTd65rB3VgRVchQiX5pQAqx/qaZVCNVzY3rwCpqYjQKVPHZ5YwdkHX9jTxkg5lKxrUmFzj/5SNUJ7S4dNA==
  dependencies:
    "@daybrush/utils" "^1.11.0"
    "@egjs/list-differ" "^1.0.0"

croact@^1.0.1:
  version "1.0.1"
  resolved "https://registry.yarnpkg.com/croact/-/croact-1.0.1.tgz#202f744e010cfaa9943203dbacf06d9c2b152147"
  integrity sha512-C/qbr/TYXuFv13vu6Dra1+uxRtud/3FdxviW8+Wy3JtCTE1CTQRQ0KrSX3nJs55NHTl6Pf8rjoZX5H2eAZNOUg==
  dependencies:
    "@daybrush/utils" "^1.11.0"
    "@egjs/list-differ" "^1.0.0"

css-styled@^1.0.0, css-styled@^1.0.1, css-styled@~1.0.1:
  version "1.0.1"
  resolved "https://registry.yarnpkg.com/css-styled/-/css-styled-1.0.1.tgz#803dc2bf615954805a56679cc500065c756ad525"
  integrity sha512-psJCbNDPPusDBWH/gszP6BetPh577QaqpvaysTNPitxX0nxdGiTgELiOCus0gZ0yXk3gvjShBrFP07nvn58/TQ==
  dependencies:
    "@daybrush/utils" "^1.0.0"
    string-hash "^1.1.3"

css-to-mat@^1.0.3:
  version "1.0.3"
  resolved "https://registry.yarnpkg.com/css-to-mat/-/css-to-mat-1.0.3.tgz#5c0d9b572b68b57fa8ba0b1a4c572c18ce3b2b60"
  integrity sha512-HADRhVqPc8wFqEp6ClK+uuPYg+FMBinNo2ReLyI/KQCncmHPJ60o5zldyJG7NjsTqXWbdfGJO51jnoxfMvWJiA==
  dependencies:
    "@daybrush/utils" "^1.3.1"
    "@scena/matrix" "^1.0.0"

css@^3.0.0:
  version "3.0.0"
  resolved "https://registry.yarnpkg.com/css/-/css-3.0.0.tgz#4447a4d58fdd03367c516ca9f64ae365cee4aa5d"
  integrity sha512-DG9pFfwOrzc+hawpmqX/dHYHJG+Bsdb0klhyi1sDneOgGOXy9wQIC8hzyVp1e4NRYDBdxcylvywPkkXCHAzTyQ==
  dependencies:
    inherits "^2.0.4"
    source-map "^0.6.1"
    source-map-resolve "^0.6.0"

csstype@^2.6.8:
  version "2.6.21"
  resolved "https://registry.yarnpkg.com/csstype/-/csstype-2.6.21.tgz#2efb85b7cc55c80017c66a5ad7cbd931fda3a90e"
  integrity sha512-Z1PhmomIfypOpoMjRQB70jfvy/wxT50qW08YXO5lMIJkrdq4yOTR+AW7FqutScmB9NkLwxo+jU+kZLbofZZq/w==

decode-uri-component@^0.2.0:
  version "0.2.2"
  resolved "https://registry.yarnpkg.com/decode-uri-component/-/decode-uri-component-0.2.2.tgz#e69dbe25d37941171dd540e024c444cd5188e1e9"
  integrity sha512-FqUYQ+8o158GyGTrMFJms9qh3CqTKvAqgqsTnkLI8sKu0028orqBhxNMFkFen0zGyg6epACD32pjVk58ngIErQ==

esbuild-android-64@0.14.54:
  version "0.14.54"
  resolved "https://registry.yarnpkg.com/esbuild-android-64/-/esbuild-android-64-0.14.54.tgz#505f41832884313bbaffb27704b8bcaa2d8616be"
  integrity sha512-Tz2++Aqqz0rJ7kYBfz+iqyE3QMycD4vk7LBRyWaAVFgFtQ/O8EJOnVmTOiDWYZ/uYzB4kvP+bqejYdVKzE5lAQ==

esbuild-android-arm64@0.14.54:
  version "0.14.54"
  resolved "https://registry.yarnpkg.com/esbuild-android-arm64/-/esbuild-android-arm64-0.14.54.tgz#8ce69d7caba49646e009968fe5754a21a9871771"
  integrity sha512-F9E+/QDi9sSkLaClO8SOV6etqPd+5DgJje1F9lOWoNncDdOBL2YF59IhsWATSt0TLZbYCf3pNlTHvVV5VfHdvg==

esbuild-darwin-64@0.14.54:
  version "0.14.54"
  resolved "https://registry.yarnpkg.com/esbuild-darwin-64/-/esbuild-darwin-64-0.14.54.tgz#24ba67b9a8cb890a3c08d9018f887cc221cdda25"
  integrity sha512-jtdKWV3nBviOd5v4hOpkVmpxsBy90CGzebpbO9beiqUYVMBtSc0AL9zGftFuBon7PNDcdvNCEuQqw2x0wP9yug==

esbuild-darwin-arm64@0.14.54:
  version "0.14.54"
  resolved "https://registry.yarnpkg.com/esbuild-darwin-arm64/-/esbuild-darwin-arm64-0.14.54.tgz#3f7cdb78888ee05e488d250a2bdaab1fa671bf73"
  integrity sha512-OPafJHD2oUPyvJMrsCvDGkRrVCar5aVyHfWGQzY1dWnzErjrDuSETxwA2HSsyg2jORLY8yBfzc1MIpUkXlctmw==

esbuild-freebsd-64@0.14.54:
  version "0.14.54"
  resolved "https://registry.yarnpkg.com/esbuild-freebsd-64/-/esbuild-freebsd-64-0.14.54.tgz#09250f997a56ed4650f3e1979c905ffc40bbe94d"
  integrity sha512-OKwd4gmwHqOTp4mOGZKe/XUlbDJ4Q9TjX0hMPIDBUWWu/kwhBAudJdBoxnjNf9ocIB6GN6CPowYpR/hRCbSYAg==

esbuild-freebsd-arm64@0.14.54:
  version "0.14.54"
  resolved "https://registry.yarnpkg.com/esbuild-freebsd-arm64/-/esbuild-freebsd-arm64-0.14.54.tgz#bafb46ed04fc5f97cbdb016d86947a79579f8e48"
  integrity sha512-sFwueGr7OvIFiQT6WeG0jRLjkjdqWWSrfbVwZp8iMP+8UHEHRBvlaxL6IuKNDwAozNUmbb8nIMXa7oAOARGs1Q==

esbuild-linux-32@0.14.54:
  version "0.14.54"
  resolved "https://registry.yarnpkg.com/esbuild-linux-32/-/esbuild-linux-32-0.14.54.tgz#e2a8c4a8efdc355405325033fcebeb941f781fe5"
  integrity sha512-1ZuY+JDI//WmklKlBgJnglpUL1owm2OX+8E1syCD6UAxcMM/XoWd76OHSjl/0MR0LisSAXDqgjT3uJqT67O3qw==

esbuild-linux-64@0.14.54:
  version "0.14.54"
  resolved "https://registry.yarnpkg.com/esbuild-linux-64/-/esbuild-linux-64-0.14.54.tgz#de5fdba1c95666cf72369f52b40b03be71226652"
  integrity sha512-EgjAgH5HwTbtNsTqQOXWApBaPVdDn7XcK+/PtJwZLT1UmpLoznPd8c5CxqsH2dQK3j05YsB3L17T8vE7cp4cCg==

esbuild-linux-arm64@0.14.54:
  version "0.14.54"
  resolved "https://registry.yarnpkg.com/esbuild-linux-arm64/-/esbuild-linux-arm64-0.14.54.tgz#dae4cd42ae9787468b6a5c158da4c84e83b0ce8b"
  integrity sha512-WL71L+0Rwv+Gv/HTmxTEmpv0UgmxYa5ftZILVi2QmZBgX3q7+tDeOQNqGtdXSdsL8TQi1vIaVFHUPDe0O0kdig==

esbuild-linux-arm@0.14.54:
  version "0.14.54"
  resolved "https://registry.yarnpkg.com/esbuild-linux-arm/-/esbuild-linux-arm-0.14.54.tgz#a2c1dff6d0f21dbe8fc6998a122675533ddfcd59"
  integrity sha512-qqz/SjemQhVMTnvcLGoLOdFpCYbz4v4fUo+TfsWG+1aOu70/80RV6bgNpR2JCrppV2moUQkww+6bWxXRL9YMGw==

esbuild-linux-mips64le@0.14.54:
  version "0.14.54"
  resolved "https://registry.yarnpkg.com/esbuild-linux-mips64le/-/esbuild-linux-mips64le-0.14.54.tgz#d9918e9e4cb972f8d6dae8e8655bf9ee131eda34"
  integrity sha512-qTHGQB8D1etd0u1+sB6p0ikLKRVuCWhYQhAHRPkO+OF3I/iSlTKNNS0Lh2Oc0g0UFGguaFZZiPJdJey3AGpAlw==

esbuild-linux-ppc64le@0.14.54:
  version "0.14.54"
  resolved "https://registry.yarnpkg.com/esbuild-linux-ppc64le/-/esbuild-linux-ppc64le-0.14.54.tgz#3f9a0f6d41073fb1a640680845c7de52995f137e"
  integrity sha512-j3OMlzHiqwZBDPRCDFKcx595XVfOfOnv68Ax3U4UKZ3MTYQB5Yz3X1mn5GnodEVYzhtZgxEBidLWeIs8FDSfrQ==

esbuild-linux-riscv64@0.14.54:
  version "0.14.54"
  resolved "https://registry.yarnpkg.com/esbuild-linux-riscv64/-/esbuild-linux-riscv64-0.14.54.tgz#618853c028178a61837bc799d2013d4695e451c8"
  integrity sha512-y7Vt7Wl9dkOGZjxQZnDAqqn+XOqFD7IMWiewY5SPlNlzMX39ocPQlOaoxvT4FllA5viyV26/QzHtvTjVNOxHZg==

esbuild-linux-s390x@0.14.54:
  version "0.14.54"
  resolved "https://registry.yarnpkg.com/esbuild-linux-s390x/-/esbuild-linux-s390x-0.14.54.tgz#d1885c4c5a76bbb5a0fe182e2c8c60eb9e29f2a6"
  integrity sha512-zaHpW9dziAsi7lRcyV4r8dhfG1qBidQWUXweUjnw+lliChJqQr+6XD71K41oEIC3Mx1KStovEmlzm+MkGZHnHA==

esbuild-netbsd-64@0.14.54:
  version "0.14.54"
  resolved "https://registry.yarnpkg.com/esbuild-netbsd-64/-/esbuild-netbsd-64-0.14.54.tgz#69ae917a2ff241b7df1dbf22baf04bd330349e81"
  integrity sha512-PR01lmIMnfJTgeU9VJTDY9ZerDWVFIUzAtJuDHwwceppW7cQWjBBqP48NdeRtoP04/AtO9a7w3viI+PIDr6d+w==

esbuild-openbsd-64@0.14.54:
  version "0.14.54"
  resolved "https://registry.yarnpkg.com/esbuild-openbsd-64/-/esbuild-openbsd-64-0.14.54.tgz#db4c8495287a350a6790de22edea247a57c5d47b"
  integrity sha512-Qyk7ikT2o7Wu76UsvvDS5q0amJvmRzDyVlL0qf5VLsLchjCa1+IAvd8kTBgUxD7VBUUVgItLkk609ZHUc1oCaw==

esbuild-sunos-64@0.14.54:
  version "0.14.54"
  resolved "https://registry.yarnpkg.com/esbuild-sunos-64/-/esbuild-sunos-64-0.14.54.tgz#54287ee3da73d3844b721c21bc80c1dc7e1bf7da"
  integrity sha512-28GZ24KmMSeKi5ueWzMcco6EBHStL3B6ubM7M51RmPwXQGLe0teBGJocmWhgwccA1GeFXqxzILIxXpHbl9Q/Kw==

esbuild-windows-32@0.14.54:
  version "0.14.54"
  resolved "https://registry.yarnpkg.com/esbuild-windows-32/-/esbuild-windows-32-0.14.54.tgz#f8aaf9a5667630b40f0fb3aa37bf01bbd340ce31"
  integrity sha512-T+rdZW19ql9MjS7pixmZYVObd9G7kcaZo+sETqNH4RCkuuYSuv9AGHUVnPoP9hhuE1WM1ZimHz1CIBHBboLU7w==

esbuild-windows-64@0.14.54:
  version "0.14.54"
  resolved "https://registry.yarnpkg.com/esbuild-windows-64/-/esbuild-windows-64-0.14.54.tgz#bf54b51bd3e9b0f1886ffdb224a4176031ea0af4"
  integrity sha512-AoHTRBUuYwXtZhjXZbA1pGfTo8cJo3vZIcWGLiUcTNgHpJJMC1rVA44ZereBHMJtotyN71S8Qw0npiCIkW96cQ==

esbuild-windows-arm64@0.14.54:
  version "0.14.54"
  resolved "https://registry.yarnpkg.com/esbuild-windows-arm64/-/esbuild-windows-arm64-0.14.54.tgz#937d15675a15e4b0e4fafdbaa3a01a776a2be982"
  integrity sha512-M0kuUvXhot1zOISQGXwWn6YtS+Y/1RT9WrVIOywZnJHo3jCDyewAc79aKNQWFCQm+xNHVTq9h8dZKvygoXQQRg==

esbuild@^0.14.27:
  version "0.14.54"
  resolved "https://registry.yarnpkg.com/esbuild/-/esbuild-0.14.54.tgz#8b44dcf2b0f1a66fc22459943dccf477535e9aa2"
  integrity sha512-Cy9llcy8DvET5uznocPyqL3BFRrFXSVqbgpMJ9Wz8oVjZlh/zUSNbPRbov0VX7VxN2JH1Oa0uNxZ7eLRb62pJA==
  optionalDependencies:
    "@esbuild/linux-loong64" "0.14.54"
    esbuild-android-64 "0.14.54"
    esbuild-android-arm64 "0.14.54"
    esbuild-darwin-64 "0.14.54"
    esbuild-darwin-arm64 "0.14.54"
    esbuild-freebsd-64 "0.14.54"
    esbuild-freebsd-arm64 "0.14.54"
    esbuild-linux-32 "0.14.54"
    esbuild-linux-64 "0.14.54"
    esbuild-linux-arm "0.14.54"
    esbuild-linux-arm64 "0.14.54"
    esbuild-linux-mips64le "0.14.54"
    esbuild-linux-ppc64le "0.14.54"
    esbuild-linux-riscv64 "0.14.54"
    esbuild-linux-s390x "0.14.54"
    esbuild-netbsd-64 "0.14.54"
    esbuild-openbsd-64 "0.14.54"
    esbuild-sunos-64 "0.14.54"
    esbuild-windows-32 "0.14.54"
    esbuild-windows-64 "0.14.54"
    esbuild-windows-arm64 "0.14.54"

estree-walker@^2.0.2:
  version "2.0.2"
  resolved "https://registry.yarnpkg.com/estree-walker/-/estree-walker-2.0.2.tgz#52f010178c2a4c117a7757cfe942adb7d2da4cac"
  integrity sha512-Rfkk/Mp/DL7JVje3u18FxFujQlTNR2q6QfMSMB7AvCBx91NGj/ba3kCfza0f6dVDbw7YlRf/nDrn7pQrCCyQ/w==

framework-utils@^1.1.0:
  version "1.1.0"
  resolved "https://registry.yarnpkg.com/framework-utils/-/framework-utils-1.1.0.tgz#a3b528bce838dfd623148847dc92371b09d0da2d"
  integrity sha512-KAfqli5PwpFJ8o3psRNs8svpMGyCSAe8nmGcjQ0zZBWN2H6dZDnq+ABp3N3hdUmFeMrLtjOCTXD4yplUJIWceg==

fsevents@~2.3.2:
  version "2.3.2"
  resolved "https://registry.yarnpkg.com/fsevents/-/fsevents-2.3.2.tgz#8a526f78b8fdf4623b709e0b975c52c24c02fd1a"
  integrity sha512-xiqMQR4xAeHTuB9uWm+fFRcIOgKBMiOBP+eXiyT7jsgVCq1bkVygt00oASowB7EdtpOHaaPgKt812P9ab+DDKA==

function-bind@^1.1.1:
  version "1.1.1"
  resolved "https://registry.yarnpkg.com/function-bind/-/function-bind-1.1.1.tgz#a56899d3ea3c9bab874bb9773b7c5ede92f4895d"
  integrity sha512-yIovAzMX49sF8Yl58fSCWJ5svSLuaibPxXQJFLmBObTuCr0Mf1KiPopGM9NiFjiYBCbfaa2Fh6breQ6ANVTI0A==

gesto@^1.13.0, gesto@^1.13.4, gesto@^1.15.1:
  version "1.16.0"
  resolved "https://registry.yarnpkg.com/gesto/-/gesto-1.16.0.tgz#ddfdc2c7c1f20fb8837306b2128ff06cfb28b940"
  integrity sha512-MEOwXVWqMljfcjgJhhmuY8PXoLAlAHRk+r6t51RKc6RFY8ra0UMWsTOo2awd1W1pHnWjvlznHsY647ZPOICr/Q==
  dependencies:
    "@daybrush/utils" "^1.7.1"
    "@scena/event-emitter" "^1.0.2"

gesto@^1.17.0:
  version "1.17.0"
  resolved "https://registry.yarnpkg.com/gesto/-/gesto-1.17.0.tgz#bdb193392289f84f99a7d0614a5196705a843ea1"
  integrity sha512-Fs2ezYpnk91tCpiBd7s3ocFoacWcFH3N2+fp0QSCDdE4mlxmvmTh5fwWhK1sIj42Rykdjjj3aBNYkRfRHZN5qA==
  dependencies:
    "@daybrush/utils" "^1.7.1"
    "@scena/event-emitter" "^1.0.2"

has@^1.0.3:
  version "1.0.3"
  resolved "https://registry.yarnpkg.com/has/-/has-1.0.3.tgz#722d7cbfc1f6aa8241f16dd814e011e1f41e8796"
  integrity sha512-f2dvO0VU6Oej7RkWJGrehjbzMAjFp5/VKPp5tTpWIV4JHHZK1/BxbFRtf/siA2SWTe09caDmVtYYzWEIbBS4zw==
  dependencies:
    function-bind "^1.1.1"

infinite-viewer@~0.24.1:
  version "0.24.1"
  resolved "https://registry.yarnpkg.com/infinite-viewer/-/infinite-viewer-0.24.1.tgz#634d66b30fc8c51b8a3c101a42af180b9f45175d"
  integrity sha512-M+JLggwsO6/yevvhwccB1P3l2kCTONUnjE7pj/BJACXR5C0Pg3Dnap1U59zG4JSuOkt4nAE0YPbS+Sfa0pXcUA==
  dependencies:
    "@daybrush/utils" "^1.9.1"
    "@egjs/agent" "^2.2.1"
    "@scena/event-emitter" "^1.0.5"
    css-styled "^1.0.1"
    framework-utils "^1.1.0"
    gesto "^1.13.0"

inherits@^2.0.4:
  version "2.0.4"
  resolved "https://registry.yarnpkg.com/inherits/-/inherits-2.0.4.tgz#0fa2c64f932917c3433a0ded55363aae37416b7c"
  integrity sha512-k/vGaX4/Yla3WzyMCvTQOXYeIHvqOKtnqBduzTHpzpQZzAskKMhZ2K+EnBiSM9zGSoIFeMpXKxa4dYeZIQqewQ==

is-core-module@^2.12.0:
  version "2.12.0"
  resolved "https://registry.yarnpkg.com/is-core-module/-/is-core-module-2.12.0.tgz#36ad62f6f73c8253fd6472517a12483cf03e7ec4"
  integrity sha512-RECHCBCd/viahWmwj6enj19sKbHfJrddi/6cBDsNTKbNq0f7VeaUkBo60BqzvPqo/W54ChS62Z5qyun7cfOMqQ==
  dependencies:
    has "^1.0.3"

keycode@^2.2.0:
  version "2.2.1"
  resolved "https://registry.yarnpkg.com/keycode/-/keycode-2.2.1.tgz#09c23b2be0611d26117ea2501c2c391a01f39eff"
  integrity sha512-Rdgz9Hl9Iv4QKi8b0OlCRQEzp4AgVxyCtz5S/+VIHezDmrDhkp2N2TqBWOLz0/gbeREXOOiI9/4b8BY9uw2vFg==

keycon@^1.2.0:
  version "1.4.0"
  resolved "https://registry.yarnpkg.com/keycon/-/keycon-1.4.0.tgz#bf2a633f3c3b659ea564045938cff33e584cebd5"
  integrity sha512-p1NAIxiRMH3jYfTeXRs2uWbVJ1WpEjpi8ktzUyBJsX7/wn2qu2VRXktneBLNtKNxJmlUYxRi9gOJt1DuthXR7A==
  dependencies:
    "@cfcs/core" "^0.0.6"
    "@daybrush/utils" "^1.7.1"
    "@scena/event-emitter" "^1.0.2"
    keycode "^2.2.0"

magic-string@^0.25.7:
  version "0.25.9"
  resolved "https://registry.yarnpkg.com/magic-string/-/magic-string-0.25.9.tgz#de7f9faf91ef8a1c91d02c2e5314c8277dbcdd1c"
  integrity sha512-RmF0AsMzgt25qzqqLc1+MbHmhdx0ojF2Fvs4XnOqz2ZOBXzzkEwc/dJQZCYHAn7v1jbVOjAZfK8msRn4BxO4VQ==
  dependencies:
    sourcemap-codec "^1.4.8"

moveable@~0.47.1:
  version "0.47.1"
  resolved "https://registry.yarnpkg.com/moveable/-/moveable-0.47.1.tgz#551d8000f28ed70c0f4c8212b139e14c9e1a8053"
  integrity sha512-Q3kdQSYkXoQyMSh+odVCYdPwvg8yIqUIWgCoTjCV9upVfgJNAl2R9k111o/7h3/0NTnpBG4IDXtsJ4yFPYMTLQ==
  dependencies:
    "@scena/event-emitter" "^1.0.5"
    croact "^1.0.1"
    croact-moveable "~0.3.1"
    react-moveable "~0.50.1"

nanoid@^3.3.6:
  version "3.3.6"
  resolved "https://registry.yarnpkg.com/nanoid/-/nanoid-3.3.6.tgz#443380c856d6e9f9824267d960b4236ad583ea4c"
  integrity sha512-BGcqMMJuToF7i1rt+2PWSNVnWIkGCU78jBG3RxO/bZlnZPK2Cmi2QaffxGO/2RvWi9sL+FAiRiXMgsyxQ1DIDA==

overlap-area@^1.1.0:
  version "1.1.0"
  resolved "https://registry.yarnpkg.com/overlap-area/-/overlap-area-1.1.0.tgz#1fcaa21bdb9cb1ace973d9aa299ae6b56557a4c2"
  integrity sha512-3dlJgJCaVeXH0/eZjYVJvQiLVVrPO4U1ZGqlATtx6QGO3b5eNM6+JgUKa7oStBTdYuGTk7gVoABCW6Tp+dhRdw==
  dependencies:
    "@daybrush/utils" "^1.7.1"

path-parse@^1.0.7:
  version "1.0.7"
  resolved "https://registry.yarnpkg.com/path-parse/-/path-parse-1.0.7.tgz#fbc114b60ca42b30d9daf5858e4bd68bbedb6735"
  integrity sha512-LDJzPVEEEPR+y48z93A0Ed0yXb8pAByGWo/k5YYdYgpY2/2EsOsksJrq7lOHxryrVOn1ejG6oAp8ahvOIQD8sw==

picocolors@^1.0.0:
  version "1.0.0"
  resolved "https://registry.yarnpkg.com/picocolors/-/picocolors-1.0.0.tgz#cb5bdc74ff3f51892236eaf79d68bc44564ab81c"
  integrity sha512-1fygroTLlHu66zi26VoTDv8yRgm0Fccecssto+MhsZ0D/DGW2sm8E8AjW7NU5VVTRt5GxbeZ5qBuJr+HyLYkjQ==

postcss@^8.1.10, postcss@^8.4.13:
  version "8.4.22"
  resolved "https://registry.yarnpkg.com/postcss/-/postcss-8.4.22.tgz#c29e6776b60ab3af602d4b513d5bd2ff9aa85dc1"
  integrity sha512-XseknLAfRHzVWjCEtdviapiBtfLdgyzExD50Rg2ePaucEesyh8Wv4VPdW0nbyDa1ydbrAxV19jvMT4+LFmcNUA==
  dependencies:
    nanoid "^3.3.6"
    picocolors "^1.0.0"
    source-map-js "^1.0.2"

react-css-styled@^1.1.2:
  version "1.1.2"
  resolved "https://registry.yarnpkg.com/react-css-styled/-/react-css-styled-1.1.2.tgz#c382da7d5afe7fb08a03ccfc82c8ec7822503481"
  integrity sha512-YHTGOWaCLf7pASGRY3awG8rv67qyOjaUXUKfa3jFwzWges22SxYWQdMWIhCz7I8PXTrNRcIkemc6o2vVpd+gUA==
  dependencies:
    css-styled "~1.0.1"
    framework-utils "^1.1.0"

react-moveable@~0.50.1:
  version "0.50.1"
  resolved "https://registry.yarnpkg.com/react-moveable/-/react-moveable-0.50.1.tgz#237131c41eb6b0bab27e0b22d4c6789807c93695"
  integrity sha512-W4l09XXHGw61jOZdHAED8Kw//6WTkMcde2kFkTSZ534zB5JfK3bAWeeiwNbpC3XQBLRlQmVdFGeKSkpbCtwTKA==
  dependencies:
    "@daybrush/utils" "^1.11.0"
    "@egjs/agent" "^2.2.1"
    "@egjs/children-differ" "^1.0.1"
    "@egjs/list-differ" "^1.0.0"
    "@scena/dragscroll" "^1.4.0"
    "@scena/event-emitter" "^1.0.5"
    "@scena/matrix" "^1.1.1"
    css-to-mat "^1.0.3"
    framework-utils "^1.1.0"
    gesto "^1.17.0"
    overlap-area "^1.1.0"
    react-css-styled "^1.1.2"

resolve@^1.22.0:
  version "1.22.3"
  resolved "https://registry.yarnpkg.com/resolve/-/resolve-1.22.3.tgz#4b4055349ffb962600972da1fdc33c46a4eb3283"
  integrity sha512-P8ur/gp/AmbEzjr729bZnLjXK5Z+4P0zhIJgBgzqRih7hL7BOukHGtSTA3ACMY467GRFz3duQsi0bDZdR7DKdw==
  dependencies:
    is-core-module "^2.12.0"
    path-parse "^1.0.7"
    supports-preserve-symlinks-flag "^1.0.0"

"rollup@>=2.59.0 <2.78.0":
  version "2.77.3"
  resolved "https://registry.yarnpkg.com/rollup/-/rollup-2.77.3.tgz#8f00418d3a2740036e15deb653bed1a90ee0cc12"
  integrity sha512-/qxNTG7FbmefJWoeeYJFbHehJ2HNWnjkAFRKzWN/45eNBBF/r8lo992CwcJXEzyVxs5FmfId+vTSTQDb+bxA+g==
  optionalDependencies:
    fsevents "~2.3.2"

selecto@~1.22.2:
  version "1.22.2"
  resolved "https://registry.yarnpkg.com/selecto/-/selecto-1.22.2.tgz#8e316e8202105ebaf033053e8ec7ce4ef950a42d"
  integrity sha512-qZnHaNhlLRAhTV3pKTeJGvjAbGMlERhfJMViEuyP8hqJX12K1IFDLtAwGwZTflRNQd6JeB7GZMTsvMjrMVtN8w==
  dependencies:
    "@daybrush/utils" "^1.7.1"
    "@egjs/children-differ" "^1.0.1"
    "@scena/dragscroll" "^1.4.0"
    "@scena/event-emitter" "^1.0.5"
    css-styled "^1.0.0"
    css-to-mat "^1.0.3"
    framework-utils "^1.1.0"
    gesto "^1.15.1"
    keycon "^1.2.0"
    overlap-area "^1.1.0"

source-map-js@^1.0.2:
  version "1.0.2"
  resolved "https://registry.yarnpkg.com/source-map-js/-/source-map-js-1.0.2.tgz#adbc361d9c62df380125e7f161f71c826f1e490c"
  integrity sha512-R0XvVJ9WusLiqTCEiGCmICCMplcCkIwwR11mOSD9CR5u+IXYdiseeEuXCVAjS54zqwkLcPNnmU4OeJ6tUrWhDw==

source-map-resolve@^0.6.0:
  version "0.6.0"
  resolved "https://registry.yarnpkg.com/source-map-resolve/-/source-map-resolve-0.6.0.tgz#3d9df87e236b53f16d01e58150fc7711138e5ed2"
  integrity sha512-KXBr9d/fO/bWo97NXsPIAW1bFSBOuCnjbNTBMO7N59hsv5i9yzRDfcYwwt0l04+VqnKC+EwzvJZIP/qkuMgR/w==
  dependencies:
    atob "^2.1.2"
    decode-uri-component "^0.2.0"

source-map@^0.6.1:
  version "0.6.1"
  resolved "https://registry.yarnpkg.com/source-map/-/source-map-0.6.1.tgz#74722af32e9614e9c287a8d0bbde48b5e2f1a263"
  integrity sha512-UjgapumWlbMhkBgzT7Ykc5YXUT46F0iKu8SGXq0bcwP5dz/h0Plj6enJqjz1Zbq2l5WaqYnrVbwWOWMyF3F47g==

sourcemap-codec@^1.4.8:
  version "1.4.8"
  resolved "https://registry.yarnpkg.com/sourcemap-codec/-/sourcemap-codec-1.4.8.tgz#ea804bd94857402e6992d05a38ef1ae35a9ab4c4"
  integrity sha512-9NykojV5Uih4lgo5So5dtw+f0JgJX30KCNI8gwhz2J9A15wD0Ml6tjHKwf6fTSa6fAdVBdZeNOs9eJ71qCk8vA==

string-hash@^1.1.3:
  version "1.1.3"
  resolved "https://registry.yarnpkg.com/string-hash/-/string-hash-1.1.3.tgz#e8aafc0ac1855b4666929ed7dd1275df5d6c811b"
  integrity sha512-kJUvRUFK49aub+a7T1nNE66EJbZBMnBgoC1UbCZ5n6bsZKBRga4KgBRTMn/pFkeCZSYtNeSyMxPDM0AXWELk2A==

supports-preserve-symlinks-flag@^1.0.0:
  version "1.0.0"
  resolved "https://registry.yarnpkg.com/supports-preserve-symlinks-flag/-/supports-preserve-symlinks-flag-1.0.0.tgz#6eda4bd344a3c94aea376d4cc31bc77311039e09"
  integrity sha512-ot0WnXS9fgdkgIcePe6RHNk1WA8+muPa6cSjeR3V8K27q9BB1rTE3R1p7Hv0z1ZyAc8s6Vvv8DIyWf681MAt0w==

vite@^2.6.14:
  version "2.9.15"
  resolved "https://registry.yarnpkg.com/vite/-/vite-2.9.15.tgz#2858dd5b2be26aa394a283e62324281892546f0b"
  integrity sha512-fzMt2jK4vQ3yK56te3Kqpkaeq9DkcZfBbzHwYpobasvgYmP2SoAr6Aic05CsB4CzCZbsDv4sujX3pkEGhLabVQ==
  dependencies:
    esbuild "^0.14.27"
    postcss "^8.4.13"
    resolve "^1.22.0"
    rollup ">=2.59.0 <2.78.0"
  optionalDependencies:
    fsevents "~2.3.2"

vue-demi@*:
  version "0.14.0"
  resolved "https://registry.yarnpkg.com/vue-demi/-/vue-demi-0.14.0.tgz#dcfd9a9cf9bb62ada1582ec9042372cf67ca6190"
  integrity sha512-gt58r2ogsNQeVoQ3EhoUAvUsH9xviydl0dWJj7dabBC/2L4uBId7ujtCwDRD0JhkGsV1i0CtfLAeyYKBht9oWg==

vue3-guides@^0.9.0:
  version "0.9.0"
  resolved "https://registry.yarnpkg.com/vue3-guides/-/vue3-guides-0.9.0.tgz#6e401d24e774d825c1d8d09cd31bc5863b661f84"
  integrity sha512-H2Jk74EvJhfvHdUVdfn528qOALTXVkjAUEsLuUTSaSU4asYFj3BUeeyu0tB/aJVqSuDuEwY3hWcha3u51OxJ3Q==
  dependencies:
    "@scena/guides" "~0.26.0"
    framework-utils "^1.1.0"

vue3-infinite-viewer@^0.13.1:
  version "0.13.1"
  resolved "https://registry.yarnpkg.com/vue3-infinite-viewer/-/vue3-infinite-viewer-0.13.1.tgz#c4a5e2a1cc4997a7e79337af03522de8be88572e"
  integrity sha512-/ZrSJxVXa9qto05nbshdZ8SovbNZ/nEJu/8FLCj6fHQnwwFzvGkcvJazh1a8xaTUJep/IKe/xw4EsNiP4VOd3w==
  dependencies:
    infinite-viewer "~0.24.1"

vue3-moveable@^0.22.1:
  version "0.22.1"
  resolved "https://registry.yarnpkg.com/vue3-moveable/-/vue3-moveable-0.22.1.tgz#db9ece171b8e26ac40f17fb22f4c671e38f0b914"
  integrity sha512-0Cg/2Hi8B2T++yqqMMIqrp/b/oUevntBPjqarND7AIb8EBS2iyL/9bzvn7tT1rngOTfGy6UQWcy6nqs9ggT0hw==
  dependencies:
    framework-utils "^1.1.0"
    moveable "~0.47.1"

vue3-selecto@^1.8.3:
  version "1.8.3"
  resolved "https://registry.yarnpkg.com/vue3-selecto/-/vue3-selecto-1.8.3.tgz#de2b5e5c6eb116304113bcf12d72a00c77af11ab"
  integrity sha512-X0Tt2sd7gNHz+hV2SAMW4xqkqzSoids+MIH0cYOOBY4L6lfy2x9cXzvGoQcKuql2EA2cQoj9ao7JjFXmc8bmPg==
  dependencies:
    selecto "~1.22.2"

vue@^3.2.22:
  version "3.2.47"
  resolved "https://registry.yarnpkg.com/vue/-/vue-3.2.47.tgz#3eb736cbc606fc87038dbba6a154707c8a34cff0"
  integrity sha512-60188y/9Dc9WVrAZeUVSDxRQOZ+z+y5nO2ts9jWXSTkMvayiWxCWOWtBQoYjLeccfXkiiPZWAHcV+WTPhkqJHQ==
  dependencies:
    "@vue/compiler-dom" "3.2.47"
    "@vue/compiler-sfc" "3.2.47"
    "@vue/runtime-dom" "3.2.47"
    "@vue/server-renderer" "3.2.47"
    "@vue/shared" "3.2.47"
